
Microsoft Visual Studio Solution File, Format Version 12.00
# Visual Studio Version 17
VisualStudioVersion = 17.12.35527.113
MinimumVisualStudioVersion = 10.0.40219.1
Project("{FAE04EC0-301F-11D3-BF4B-00C04F79EFBC}") = "ProjectsMicroserv", "ProjectsMicroserv\ProjectsMicroserv.csproj", "{680D2446-E16F-4DF1-917A-D70DFD9CE281}"
EndProject
Project("{FAE04EC0-301F-11D3-BF4B-00C04F79EFBC}") = "Data", "Data\Data.csproj", "{6A3B403E-692C-4324-A855-D82009D211BD}"
EndProject
Project("{FAE04EC0-301F-11D3-BF4B-00C04F79EFBC}") = "RabbitMQ", "Rabbit\RabbitMQ.csproj", "{C27BE9DD-41D7-40EE-A040-2C0BF6A604A5}"
EndProject
Project("{FAE04EC0-301F-11D3-BF4B-00C04F79EFBC}") = "BusinessLogic", "BusinessLogic\BusinessLogic.csproj", "{00D8BEB5-CD40-4CDD-9F59-713AC27A7E53}"
EndProject
Global
	GlobalSection(SolutionConfigurationPlatforms) = preSolution
		Debug|Any CPU = Debug|Any CPU
		Release|Any CPU = Release|Any CPU
	EndGlobalSection
	GlobalSection(ProjectConfigurationPlatforms) = postSolution
		{680D2446-E16F-4DF1-917A-D70DFD9CE281}.Debug|Any CPU.ActiveCfg = Debug|Any CPU
		{680D2446-E16F-4DF1-917A-D70DFD9CE281}.Debug|Any CPU.Build.0 = Debug|Any CPU
		{680D2446-E16F-4DF1-917A-D70DFD9CE281}.Release|Any CPU.ActiveCfg = Release|Any CPU
		{680D2446-E16F-4DF1-917A-D70DFD9CE281}.Release|Any CPU.Build.0 = Release|Any CPU
		{6A3B403E-692C-4324-A855-D82009D211BD}.Debug|Any CPU.ActiveCfg = Debug|Any CPU
		{6A3B403E-692C-4324-A855-D82009D211BD}.Debug|Any CPU.Build.0 = Debug|Any CPU
		{6A3B403E-692C-4324-A855-D82009D211BD}.Release|Any CPU.ActiveCfg = Release|Any CPU
		{6A3B403E-692C-4324-A855-D82009D211BD}.Release|Any CPU.Build.0 = Release|Any CPU
		{C27BE9DD-41D7-40EE-A040-2C0BF6A604A5}.Debug|Any CPU.ActiveCfg = Debug|Any CPU
		{C27BE9DD-41D7-40EE-A040-2C0BF6A604A5}.Debug|Any CPU.Build.0 = Debug|Any CPU
		{C27BE9DD-41D7-40EE-A040-2C0BF6A604A5}.Release|Any CPU.ActiveCfg = Release|Any CPU
		{C27BE9DD-41D7-40EE-A040-2C0BF6A604A5}.Release|Any CPU.Build.0 = Release|Any CPU
		{00D8BEB5-CD40-4CDD-9F59-713AC27A7E53}.Debug|Any CPU.ActiveCfg = Debug|Any CPU
		{00D8BEB5-CD40-4CDD-9F59-713AC27A7E53}.Debug|Any CPU.Build.0 = Debug|Any CPU
		{00D8BEB5-CD40-4CDD-9F59-713AC27A7E53}.Release|Any CPU.ActiveCfg = Release|Any CPU
		{00D8BEB5-CD40-4CDD-9F59-713AC27A7E53}.Release|Any CPU.Build.0 = Release|Any CPU
	EndGlobalSection
	GlobalSection(SolutionProperties) = preSolution
		HideSolutionNode = FALSE
	EndGlobalSection
EndGlobal
